
Microsoft Visual Studio Solution File, Format Version 12.00
# Visual Studio 15
VisualStudioVersion = 15.0.27004.2009
MinimumVisualStudioVersion = 10.0.40219.1
Project("{FAE04EC0-301F-11D3-BF4B-00C04F79EFBC}") = "MyPaint", "MyPaint.csproj", "{3B511DCD-A9BC-4610-A07A-C2D0F858833A}"
EndProject
Global
	GlobalSection(SolutionConfigurationPlatforms) = preSolution
		Debug|Any CPU = Debug|Any CPU
		Release|Any CPU = Release|Any CPU
	EndGlobalSection
	GlobalSection(ProjectConfigurationPlatforms) = postSolution
		{3B511DCD-A9BC-4610-A07A-C2D0F858833A}.Debug|Any CPU.ActiveCfg = Debug|Any CPU
		{3B511DCD-A9BC-4610-A07A-C2D0F858833A}.Debug|Any CPU.Build.0 = Debug|Any CPU
		{3B511DCD-A9BC-4610-A07A-C2D0F858833A}.Release|Any CPU.ActiveCfg = Release|Any CPU
		{3B511DCD-A9BC-4610-A07A-C2D0F858833A}.Release|Any CPU.Build.0 = Release|Any CPU
	EndGlobalSection
	GlobalSection(SolutionProperties) = preSolution
		HideSolutionNode = FALSE
	EndGlobalSection
	GlobalSection(ExtensibilityGlobals) = postSolution
		SolutionGuid = {CADF6D78-9795-42B4-9989-51543E8B03AE}
	EndGlobalSection
EndGlobal
