
Microsoft Visual Studio Solution File, Format Version 12.00
# Visual Studio 15
VisualStudioVersion = 15.0.26228.17
MinimumVisualStudioVersion = 10.0.40219.1
Project("{FAE04EC0-301F-11D3-BF4B-00C04F79EFBC}") = "WindowsFormsApp2_ForDelegateTest", "WindowsFormsApp2_ForDelegateTest.csproj", "{14265B2B-0DB1-41A6-9BD9-23177C001EFE}"
EndProject
Global
	GlobalSection(SolutionConfigurationPlatforms) = preSolution
		Debug|Any CPU = Debug|Any CPU
		Release|Any CPU = Release|Any CPU
	EndGlobalSection
	GlobalSection(ProjectConfigurationPlatforms) = postSolution
		{14265B2B-0DB1-41A6-9BD9-23177C001EFE}.Debug|Any CPU.ActiveCfg = Debug|Any CPU
		{14265B2B-0DB1-41A6-9BD9-23177C001EFE}.Debug|Any CPU.Build.0 = Debug|Any CPU
		{14265B2B-0DB1-41A6-9BD9-23177C001EFE}.Release|Any CPU.ActiveCfg = Release|Any CPU
		{14265B2B-0DB1-41A6-9BD9-23177C001EFE}.Release|Any CPU.Build.0 = Release|Any CPU
	EndGlobalSection
	GlobalSection(SolutionProperties) = preSolution
		HideSolutionNode = FALSE
	EndGlobalSection
EndGlobal
