
Microsoft Visual Studio Solution File, Format Version 12.00
# Visual Studio 14
VisualStudioVersion = 14.0.25420.1
MinimumVisualStudioVersion = 10.0.40219.1
Project("{FAE04EC0-301F-11D3-BF4B-00C04F79EFBC}") = "WebApplication1", "WebApplication1\WebApplication1.csproj", "{C89132B6-C692-4CEF-A595-78CA7F352C52}"
EndProject
Project("{FAE04EC0-301F-11D3-BF4B-00C04F79EFBC}") = "ConsoleApplication1", "ConsoleApplication1\ConsoleApplication1.csproj", "{5AC43370-E7AE-4715-AB23-D1FDA9ED5FF4}"
EndProject
Project("{FAE04EC0-301F-11D3-BF4B-00C04F79EFBC}") = "ConsoleApplication2", "ConsoleApplication2\ConsoleApplication2.csproj", "{3F71E2BE-189C-47CA-88BB-8DB5246DF62C}"
EndProject
Global
	GlobalSection(SolutionConfigurationPlatforms) = preSolution
		Debug|Any CPU = Debug|Any CPU
		Release|Any CPU = Release|Any CPU
	EndGlobalSection
	GlobalSection(ProjectConfigurationPlatforms) = postSolution
		{C89132B6-C692-4CEF-A595-78CA7F352C52}.Debug|Any CPU.ActiveCfg = Debug|Any CPU
		{C89132B6-C692-4CEF-A595-78CA7F352C52}.Debug|Any CPU.Build.0 = Debug|Any CPU
		{C89132B6-C692-4CEF-A595-78CA7F352C52}.Release|Any CPU.ActiveCfg = Release|Any CPU
		{C89132B6-C692-4CEF-A595-78CA7F352C52}.Release|Any CPU.Build.0 = Release|Any CPU
		{5AC43370-E7AE-4715-AB23-D1FDA9ED5FF4}.Debug|Any CPU.ActiveCfg = Debug|Any CPU
		{5AC43370-E7AE-4715-AB23-D1FDA9ED5FF4}.Debug|Any CPU.Build.0 = Debug|Any CPU
		{5AC43370-E7AE-4715-AB23-D1FDA9ED5FF4}.Release|Any CPU.ActiveCfg = Release|Any CPU
		{5AC43370-E7AE-4715-AB23-D1FDA9ED5FF4}.Release|Any CPU.Build.0 = Release|Any CPU
		{3F71E2BE-189C-47CA-88BB-8DB5246DF62C}.Debug|Any CPU.ActiveCfg = Debug|Any CPU
		{3F71E2BE-189C-47CA-88BB-8DB5246DF62C}.Debug|Any CPU.Build.0 = Debug|Any CPU
		{3F71E2BE-189C-47CA-88BB-8DB5246DF62C}.Release|Any CPU.ActiveCfg = Release|Any CPU
		{3F71E2BE-189C-47CA-88BB-8DB5246DF62C}.Release|Any CPU.Build.0 = Release|Any CPU
	EndGlobalSection
	GlobalSection(SolutionProperties) = preSolution
		HideSolutionNode = FALSE
	EndGlobalSection
EndGlobal
